// !$*UTF8*$!
{
	archiveVersion = 1;
	classes = {
	};
	objectVersion = 77;
	objects = {

/* Begin PBXBuildFile section */
		E80341C92FD6D71300689AF6 /* ServicesSampleData in Frameworks */ = {isa = PBXBuildFile; productRef = E80341C82FD6D71300689AF6 /* ServicesSampleData */; };
/* End PBXBuildFile section */

/* Begin PBXContainerItemProxy section */
		E80341AB2FD6D70700689AF6 /* PBXContainerItemProxy */ = {
			isa = PBXContainerItemProxy;
			containerPortal = E80341952FD6D70600689AF6 /* Project object */;
			proxyType = 1;
			remoteGlobalIDString = E803419C2FD6D70600689AF6;
			remoteInfo = ServicesSample;
		};
		E80341B52FD6D70700689AF6 /* PBXContainerItemProxy */ = {
			isa = PBXContainerItemProxy;
			containerPortal = E80341952FD6D70600689AF6 /* Project object */;
			proxyType = 1;
			remoteGlobalIDString = E803419C2FD6D70600689AF6;
			remoteInfo = ServicesSample;
		};
/* End PBXContainerItemProxy section */

/* Begin PBXFileReference section */
		E803419D2FD6D70600689AF6 /* ServicesSample.app */ = {isa = PBXFileReference; explicitFileType = wrapper.application; includeInIndex = 0; path = ServicesSample.app; sourceTree = BUILT_PRODUCTS_DIR; };
		E80341AA2FD6D70700689AF6 /* ServicesSampleTests.xctest */ = {isa = PBXFileReference; explicitFileType = wrapper.cfbundle; includeInIndex = 0; path = ServicesSampleTests.xctest; sourceTree = BUILT_PRODUCTS_DIR; };
		E80341B42FD6D70700689AF6 /* ServicesSampleUITests.xctest */ = {isa = PBXFileReference; explicitFileType = wrapper.cfbundle; includeInIndex = 0; path = ServicesSampleUITests.xctest; sourceTree = BUILT_PRODUCTS_DIR; };
/* End PBXFileReference section */

/* Begin PBXFileSystemSynchronizedRootGroup section */
		E803419F2FD6D70600689AF6 /* ServicesSample */ = {
			isa = PBXFileSystemSynchronizedRootGroup;
			path = ServicesSample;
			sourceTree = "<group>";
		};
		E80341AD2FD6D70700689AF6 /* ServicesSampleTests */ = {
			isa = PBXFileSystemSynchronizedRootGroup;
			path = ServicesSampleTests;
			sourceTree = "<group>";
		};
		E80341B72FD6D70700689AF6 /* ServicesSampleUITests */ = {
			isa = PBXFileSystemSynchronizedRootGroup;
			path = ServicesSampleUITests;
			sourceTree = "<group>";
		};
/* End PBXFileSystemSynchronizedRootGroup section */

/* Begin PBXFrameworksBuildPhase section */
		E803419A2FD6D70600689AF6 /* Frameworks */ = {
			isa = PBXFrameworksBuildPhase;
			buildActionMask = 2147483647;
			files = (
				E80341C92FD6D71300689AF6 /* ServicesSampleData in Frameworks */,
			);
			runOnlyForDeploymentPostprocessing = 0;
		};
		E80341A72FD6D70700689AF6 /* Frameworks */ = {
			isa = PBXFrameworksBuildPhase;
			buildActionMask = 2147483647;
			files = (
			);
			runOnlyForDeploymentPostprocessing = 0;
		};
		E80341B12FD6D70700689AF6 /* Frameworks */ = {
			isa = PBXFrameworksBuildPhase;
			buildActionMask = 2147483647;
			files = (
			);
			runOnlyForDeploymentPostprocessing = 0;
		};
/* End PBXFrameworksBuildPhase section */

/* Begin PBXGroup section */
		E80341942FD6D70600689AF6 = {
			isa = PBXGroup;
			children = (
				E803419F2FD6D70600689AF6 /* ServicesSample */,
				E80341AD2FD6D70700689AF6 /* ServicesSampleTests */,
				E80341B72FD6D70700689AF6 /* ServicesSampleUITests */,
				E803419E2FD6D70600689AF6 /* Products */,
			);
			sourceTree = "<group>";
		};
		E803419E2FD6D70600689AF6 /* Products */ = {
			isa = PBXGroup;
			children = (
				E803419D2FD6D70600689AF6 /* ServicesSample.app */,
				E80341AA2FD6D70700689AF6 /* ServicesSampleTests.xctest */,
				E80341B42FD6D70700689AF6 /* ServicesSampleUITests.xctest */,
			);
			name = Products;
			sourceTree = "<group>";
		};
/* End PBXGroup section */

/* Begin PBXNativeTarget section */
		E803419C2FD6D70600689AF6 /* ServicesSample */ = {
			isa = PBXNativeTarget;
			buildConfigurationList = E80341BE2FD6D70700689AF6 /* Build configuration list for PBXNativeTarget "ServicesSample" */;
			buildPhases = (
				E80341992FD6D70600689AF6 /* Sources */,
				E803419A2FD6D70600689AF6 /* Frameworks */,
				E803419B2FD6D70600689AF6 /* Resources */,
			);
			buildRules = (
			);
			dependencies = (
			);
			fileSystemSynchronizedGroups = (
				E803419F2FD6D70600689AF6 /* ServicesSample */,
			);
			name = ServicesSample;
			packageProductDependencies = (
				E80341C82FD6D71300689AF6 /* ServicesSampleData */,
			);
			productName = ServicesSample;
			productReference = E803419D2FD6D70600689AF6 /* ServicesSample.app */;
			productType = "com.apple.product-type.application";
		};
		E80341A92FD6D70700689AF6 /* ServicesSampleTests */ = {
			isa = PBXNativeTarget;
			buildConfigurationList = E80341C12FD6D70700689AF6 /* Build configuration list for PBXNativeTarget "ServicesSampleTests" */;
			buildPhases = (
				E80341A62FD6D70700689AF6 /* Sources */,
				E80341A72FD6D70700689AF6 /* Frameworks */,
				E80341A82FD6D70700689AF6 /* Resources */,
			);
			buildRules = (
			);
			dependencies = (
				E80341AC2FD6D70700689AF6 /* PBXTargetDependency */,
			);
			fileSystemSynchronizedGroups = (
				E80341AD2FD6D70700689AF6 /* ServicesSampleTests */,
			);
			name = ServicesSampleTests;
			packageProductDependencies = (
			);
			productName = ServicesSampleTests;
			productReference = E80341AA2FD6D70700689AF6 /* ServicesSampleTests.xctest */;
			productType = "com.apple.product-type.bundle.unit-test";
		};
		E80341B32FD6D70700689AF6 /* ServicesSampleUITests */ = {
			isa = PBXNativeTarget;
			buildConfigurationList = E80341C42FD6D70700689AF6 /* Build configuration list for PBXNativeTarget "ServicesSampleUITests" */;
			buildPhases = (
				E80341B02FD6D70700689AF6 /* Sources */,
				E80341B12FD6D70700689AF6 /* Frameworks */,
				E80341B22FD6D70700689AF6 /* Resources */,
			);
			buildRules = (
			);
			dependencies = (
				E80341B62FD6D70700689AF6 /* PBXTargetDependency */,
			);
			fileSystemSynchronizedGroups = (
				E80341B72FD6D70700689AF6 /* ServicesSampleUITests */,
			);
			name = ServicesSampleUITests;
			packageProductDependencies = (
			);
			productName = ServicesSampleUITests;
			productReference = E80341B42FD6D70700689AF6 /* ServicesSampleUITests.xctest */;
			productType = "com.apple.product-type.bundle.ui-testing";
		};
/* End PBXNativeTarget section */

/* Begin PBXProject section */
		E80341952FD6D70600689AF6 /* Project object */ = {
			isa = PBXProject;
			attributes = {
				BuildIndependentTargetsInParallel = 1;
				LastSwiftUpdateCheck = 2650;
				LastUpgradeCheck = 2650;
				TargetAttributes = {
					E803419C2FD6D70600689AF6 = {
						CreatedOnToolsVersion = 26.5;
					};
					E80341A92FD6D70700689AF6 = {
						CreatedOnToolsVersion = 26.5;
						TestTargetID = E803419C2FD6D70600689AF6;
					};
					E80341B32FD6D70700689AF6 = {
						CreatedOnToolsVersion = 26.5;
						TestTargetID = E803419C2FD6D70600689AF6;
					};
				};
			};
			buildConfigurationList = E80341982FD6D70600689AF6 /* Build configuration list for PBXProject "ServicesSample" */;
			developmentRegion = en;
			hasScannedForEncodings = 0;
			knownRegions = (
				en,
				Base,
			);
			mainGroup = E80341942FD6D70600689AF6;
			minimizedProjectReferenceProxies = 1;
			packageReferences = (
				E80341C72FD6D71300689AF6 /* XCRemoteSwiftPackageReference "ServicesSampleData" */,
			);
			preferredProjectObjectVersion = 77;
			productRefGroup = E803419E2FD6D70600689AF6 /* Products */;
			projectDirPath = "";
			projectRoot = "";
			targets = (
				E803419C2FD6D70600689AF6 /* ServicesSample */,
				E80341A92FD6D70700689AF6 /* ServicesSampleTests */,
				E80341B32FD6D70700689AF6 /* ServicesSampleUITests */,
			);
		};
/* End PBXProject section */

/* Begin PBXResourcesBuildPhase section */
		E803419B2FD6D70600689AF6 /* Resources */ = {
			isa = PBXResourcesBuildPhase;
			buildActionMask = 2147483647;
			files = (
			);
			runOnlyForDeploymentPostprocessing = 0;
		};
		E80341A82FD6D70700689AF6 /* Resources */ = {
			isa = PBXResourcesBuildPhase;
			buildActionMask = 2147483647;
			files = (
			);
			runOnlyForDeploymentPostprocessing = 0;
		};
		E80341B22FD6D70700689AF6 /* Resources */ = {
			isa = PBXResourcesBuildPhase;
			buildActionMask = 2147483647;
			files = (
			);
			runOnlyForDeploymentPostprocessing = 0;
		};
/* End PBXResourcesBuildPhase section */

/* Begin PBXSourcesBuildPhase section */
		E80341992FD6D70600689AF6 /* Sources */ = {
			isa = PBXSourcesBuildPhase;
			buildActionMask = 2147483647;
			files = (
			);
			runOnlyForDeploymentPostprocessing = 0;
		};
		E80341A62FD6D70700689AF6 /* Sources */ = {
			isa = PBXSourcesBuildPhase;
			buildActionMask = 2147483647;
			files = (
			);
			runOnlyForDeploymentPostprocessing = 0;
		};
		E80341B02FD6D70700689AF6 /* Sources */ = {
			isa = PBXSourcesBuildPhase;
			buildActionMask = 2147483647;
			files = (
			);
			runOnlyForDeploymentPostprocessing = 0;
		};
/* End PBXSourcesBuildPhase section */

/* Begin PBXTargetDependency section */
		E80341AC2FD6D70700689AF6 /* PBXTargetDependency */ = {
			isa = PBXTargetDependency;
			target = E803419C2FD6D70600689AF6 /* ServicesSample */;
			targetProxy = E80341AB2FD6D70700689AF6 /* PBXContainerItemProxy */;
		};
		E80341B62FD6D70700689AF6 /* PBXTargetDependency */ = {
			isa = PBXTargetDependency;
			target = E803419C2FD6D70600689AF6 /* ServicesSample */;
			targetProxy = E80341B52FD6D70700689AF6 /* PBXContainerItemProxy */;
		};
/* End PBXTargetDependency section */

/* Begin XCBuildConfiguration section */
		E80341BC2FD6D70700689AF6 /* Debug */ = {
			isa = XCBuildConfiguration;
			buildSettings = {
				ALWAYS_SEARCH_USER_PATHS = NO;
				ASSETCATALOG_COMPILER_GENERATE_SWIFT_ASSET_SYMBOL_EXTENSIONS = YES;
				CLANG_ANALYZER_NONNULL = YES;
				CLANG_ANALYZER_NUMBER_OBJECT_CONVERSION = YES_AGGRESSIVE;
				CLANG_CXX_LANGUAGE_STANDARD = "gnu++20";
				CLANG_ENABLE_MODULES = YES;
				CLANG_ENABLE_OBJC_ARC = YES;
				CLANG_ENABLE_OBJC_WEAK = YES;
				CLANG_WARN_BLOCK_CAPTURE_AUTORELEASING = YES;
				CLANG_WARN_BOOL_CONVERSION = YES;
				CLANG_WARN_COMMA = YES;
				CLANG_WARN_CONSTANT_CONVERSION = YES;
				CLANG_WARN_DEPRECATED_OBJC_IMPLEMENTATIONS = YES;
				CLANG_WARN_DIRECT_OBJC_ISA_USAGE = YES_ERROR;
				CLANG_WARN_DOCUMENTATION_COMMENTS = YES;
				CLANG_WARN_EMPTY_BODY = YES;
				CLANG_WARN_ENUM_CONVERSION = YES;
				CLANG_WARN_INFINITE_RECURSION = YES;
				CLANG_WARN_INT_CONVERSION = YES;
				CLANG_WARN_NON_LITERAL_NULL_CONVERSION = YES;
				CLANG_WARN_OBJC_IMPLICIT_RETAIN_SELF = YES;
				CLANG_WARN_OBJC_LITERAL_CONVERSION = YES;
				CLANG_WARN_OBJC_ROOT_CLASS = YES_ERROR;
				CLANG_WARN_QUOTED_INCLUDE_IN_FRAMEWORK_HEADER = YES;
				CLANG_WARN_RANGE_LOOP_ANALYSIS = YES;
				CLANG_WARN_STRICT_PROTOTYPES = YES;
				CLANG_WARN_SUSPICIOUS_MOVE = YES;
				CLANG_WARN_UNGUARDED_AVAILABILITY = YES_AGGRESSIVE;
				CLANG_WARN_UNREACHABLE_CODE = YES;
				CLANG_WARN__DUPLICATE_METHOD_MATCH = YES;
				COPY_PHASE_STRIP = NO;
				DEBUG_INFORMATION_FORMAT = dwarf;
				ENABLE_STRICT_OBJC_MSGSEND = YES;
				ENABLE_TESTABILITY = YES;
				ENABLE_USER_SCRIPT_SANDBOXING = YES;
				GCC_C_LANGUAGE_STANDARD = gnu17;
				GCC_DYNAMIC_NO_PIC = NO;
				GCC_NO_COMMON_BLOCKS = YES;
				GCC_OPTIMIZATION_LEVEL = 0;
				GCC_PREPROCESSOR_DEFINITIONS = (
					"DEBUG=1",
					"$(inherited)",
				);
				GCC_WARN_64_TO_32_BIT_CONVERSION = YES;
				GCC_WARN_ABOUT_RETURN_TYPE = YES_ERROR;
				GCC_WARN_UNDECLARED_SELECTOR = YES;
				GCC_WARN_UNINITIALIZED_AUTOS = YES_AGGRESSIVE;
				GCC_WARN_UNUSED_FUNCTION = YES;
				GCC_WARN_UNUSED_VARIABLE = YES;
				IPHONEOS_DEPLOYMENT_TARGET = 26.5;
				LOCALIZATION_PREFERS_STRING_CATALOGS = YES;
				MTL_ENABLE_DEBUG_INFO = INCLUDE_SOURCE;
				MTL_FAST_MATH = YES;
				ONLY_ACTIVE_ARCH = YES;
				SDKROOT = iphoneos;
				SWIFT_ACTIVE_COMPILATION_CONDITIONS = "DEBUG $(inherited)";
				SWIFT_OPTIMIZATION_LEVEL = "-Onone";
			};
			name = Debug;
		};
		E80341BD2FD6D70700689AF6 /* Release */ = {
			isa = XCBuildConfiguration;
			buildSettings = {
				ALWAYS_SEARCH_USER_PATHS = NO;
				ASSETCATALOG_COMPILER_GENERATE_SWIFT_ASSET_SYMBOL_EXTENSIONS = YES;
				CLANG_ANALYZER_NONNULL = YES;
				CLANG_ANALYZER_NUMBER_OBJECT_CONVERSION = YES_AGGRESSIVE;
				CLANG_CXX_LANGUAGE_STANDARD = "gnu++20";
				CLANG_ENABLE_MODULES = YES;
				CLANG_ENABLE_OBJC_ARC = YES;
				CLANG_ENABLE_OBJC_WEAK = YES;
				CLANG_WARN_BLOCK_CAPTURE_AUTORELEASING = YES;
				CLANG_WARN_BOOL_CONVERSION = YES;
				CLANG_WARN_COMMA = YES;
				CLANG_WARN_CONSTANT_CONVERSION = YES;
				CLANG_WARN_DEPRECATED_OBJC_IMPLEMENTATIONS = YES;
				CLANG_WARN_DIRECT_OBJC_ISA_USAGE = YES_ERROR;
				CLANG_WARN_DOCUMENTATION_COMMENTS = YES;
				CLANG_WARN_EMPTY_BODY = YES;
				CLANG_WARN_ENUM_CONVERSION = YES;
				CLANG_WARN_INFINITE_RECURSION = YES;
				CLANG_WARN_INT_CONVERSION = YES;
				CLANG_WARN_NON_LITERAL_NULL_CONVERSION = YES;
				CLANG_WARN_OBJC_IMPLICIT_RETAIN_SELF = YES;
				CLANG_WARN_OBJC_LITERAL_CONVERSION = YES;
				CLANG_WARN_OBJC_ROOT_CLASS = YES_ERROR;
				CLANG_WARN_QUOTED_INCLUDE_IN_FRAMEWORK_HEADER = YES;
				CLANG_WARN_RANGE_LOOP_ANALYSIS = YES;
				CLANG_WARN_STRICT_PROTOTYPES = YES;
				CLANG_WARN_SUSPICIOUS_MOVE = YES;
				CLANG_WARN_UNGUARDED_AVAILABILITY = YES_AGGRESSIVE;
				CLANG_WARN_UNREACHABLE_CODE = YES;
				CLANG_WARN__DUPLICATE_METHOD_MATCH = YES;
				COPY_PHASE_STRIP = NO;
				DEBUG_INFORMATION_FORMAT = "dwarf-with-dsym";
				ENABLE_NS_ASSERTIONS = NO;
				ENABLE_STRICT_OBJC_MSGSEND = YES;
				ENABLE_USER_SCRIPT_SANDBOXING = YES;
				GCC_C_LANGUAGE_STANDARD = gnu17;
				GCC_NO_COMMON_BLOCKS = YES;
				GCC_WARN_64_TO_32_BIT_CONVERSION = YES;
				GCC_WARN_ABOUT_RETURN_TYPE = YES_ERROR;
				GCC_WARN_UNDECLARED_SELECTOR = YES;
				GCC_WARN_UNINITIALIZED_AUTOS = YES_AGGRESSIVE;
				GCC_WARN_UNUSED_FUNCTION = YES;
				GCC_WARN_UNUSED_VARIABLE = YES;
				IPHONEOS_DEPLOYMENT_TARGET = 26.5;
				LOCALIZATION_PREFERS_STRING_CATALOGS = YES;
				MTL_ENABLE_DEBUG_INFO = NO;
				MTL_FAST_MATH = YES;
				SDKROOT = iphoneos;
				SWIFT_COMPILATION_MODE = wholemodule;
				VALIDATE_PRODUCT = YES;
			};
			name = Release;
		};
		E80341BF2FD6D70700689AF6 /* Debug */ = {
			isa = XCBuildConfiguration;
			buildSettings = {
				ASSETCATALOG_COMPILER_APPICON_NAME = AppIcon;
				ASSETCATALOG_COMPILER_GLOBAL_ACCENT_COLOR_NAME = AccentColor;
				CODE_SIGN_STYLE = Automatic;
				CURRENT_PROJECT_VERSION = 1;
				ENABLE_PREVIEWS = YES;
				GENERATE_INFOPLIST_FILE = YES;
				INFOPLIST_KEY_UIApplicationSceneManifest_Generation = YES;
				INFOPLIST_KEY_UIApplicationSupportsIndirectInputEvents = YES;
				INFOPLIST_KEY_UILaunchScreen_Generation = YES;
				INFOPLIST_KEY_UISupportedInterfaceOrientations_iPad = "UIInterfaceOrientationPortrait UIInterfaceOrientationPortraitUpsideDown UIInterfaceOrientationLandscapeLeft UIInterfaceOrientationLandscapeRight";
				INFOPLIST_KEY_UISupportedInterfaceOrientations_iPhone = "UIInterfaceOrientationPortrait UIInterfaceOrientationLandscapeLeft UIInterfaceOrientationLandscapeRight";
				LD_RUNPATH_SEARCH_PATHS = (
					"$(inherited)",
					"@executable_path/Frameworks",
				);
				MARKETING_VERSION = 1.0;
				PRODUCT_BUNDLE_IDENTIFIER = app.ServicesSample;
				PRODUCT_NAME = "$(TARGET_NAME)";
				STRING_CATALOG_GENERATE_SYMBOLS = YES;
				SWIFT_APPROACHABLE_CONCURRENCY = YES;
				SWIFT_DEFAULT_ACTOR_ISOLATION = MainActor;
				SWIFT_EMIT_LOC_STRINGS = YES;
				SWIFT_UPCOMING_FEATURE_MEMBER_IMPORT_VISIBILITY = YES;
				SWIFT_VERSION = 5.0;
				TARGETED_DEVICE_FAMILY = "1,2";
			};
			name = Debug;
		};
		E80341C02FD6D70700689AF6 /* Release */ = {
			isa = XCBuildConfiguration;
			buildSettings = {
				ASSETCATALOG_COMPILER_APPICON_NAME = AppIcon;
				ASSETCATALOG_COMPILER_GLOBAL_ACCENT_COLOR_NAME = AccentColor;
				CODE_SIGN_STYLE = Automatic;
				CURRENT_PROJECT_VERSION = 1;
				ENABLE_PREVIEWS = YES;
				GENERATE_INFOPLIST_FILE = YES;
				INFOPLIST_KEY_UIApplicationSceneManifest_Generation = YES;
				INFOPLIST_KEY_UIApplicationSupportsIndirectInputEvents = YES;
				INFOPLIST_KEY_UILaunchScreen_Generation = YES;
				INFOPLIST_KEY_UISupportedInterfaceOrientations_iPad = "UIInterfaceOrientationPortrait UIInterfaceOrientationPortraitUpsideDown UIInterfaceOrientationLandscapeLeft UIInterfaceOrientationLandscapeRight";
				INFOPLIST_KEY_UISupportedInterfaceOrientations_iPhone = "UIInterfaceOrientationPortrait UIInterfaceOrientationLandscapeLeft UIInterfaceOrientationLandscapeRight";
				LD_RUNPATH_SEARCH_PATHS = (
					"$(inherited)",
					"@executable_path/Frameworks",
				);
				MARKETING_VERSION = 1.0;
				PRODUCT_BUNDLE_IDENTIFIER = app.ServicesSample;
				PRODUCT_NAME = "$(TARGET_NAME)";
				STRING_CATALOG_GENERATE_SYMBOLS = YES;
				SWIFT_APPROACHABLE_CONCURRENCY = YES;
				SWIFT_DEFAULT_ACTOR_ISOLATION = MainActor;
				SWIFT_EMIT_LOC_STRINGS = YES;
				SWIFT_UPCOMING_FEATURE_MEMBER_IMPORT_VISIBILITY = YES;
				SWIFT_VERSION = 5.0;
				TARGETED_DEVICE_FAMILY = "1,2";
			};
			name = Release;
		};
		E80341C22FD6D70700689AF6 /* Debug */ = {
			isa = XCBuildConfiguration;
			buildSettings = {
				BUNDLE_LOADER = "$(TEST_HOST)";
				CODE_SIGN_STYLE = Automatic;
				CURRENT_PROJECT_VERSION = 1;
				GENERATE_INFOPLIST_FILE = YES;
				IPHONEOS_DEPLOYMENT_TARGET = 26.5;
				MARKETING_VERSION = 1.0;
				PRODUCT_BUNDLE_IDENTIFIER = app.ServicesSampleTests;
				PRODUCT_NAME = "$(TARGET_NAME)";
				STRING_CATALOG_GENERATE_SYMBOLS = NO;
				SWIFT_APPROACHABLE_CONCURRENCY = YES;
				SWIFT_EMIT_LOC_STRINGS = NO;
				SWIFT_UPCOMING_FEATURE_MEMBER_IMPORT_VISIBILITY = YES;
				SWIFT_VERSION = 5.0;
				TARGETED_DEVICE_FAMILY = "1,2";
				TEST_HOST = "$(BUILT_PRODUCTS_DIR)/ServicesSample.app/$(BUNDLE_EXECUTABLE_FOLDER_PATH)/ServicesSample";
			};
			name = Debug;
		};
		E80341C32FD6D70700689AF6 /* Release */ = {
			isa = XCBuildConfiguration;
			buildSettings = {
				BUNDLE_LOADER = "$(TEST_HOST)";
				CODE_SIGN_STYLE = Automatic;
				CURRENT_PROJECT_VERSION = 1;
				GENERATE_INFOPLIST_FILE = YES;
				IPHONEOS_DEPLOYMENT_TARGET = 26.5;
				MARKETING_VERSION = 1.0;
				PRODUCT_BUNDLE_IDENTIFIER = app.ServicesSampleTests;
				PRODUCT_NAME = "$(TARGET_NAME)";
				STRING_CATALOG_GENERATE_SYMBOLS = NO;
				SWIFT_APPROACHABLE_CONCURRENCY = YES;
				SWIFT_EMIT_LOC_STRINGS = NO;
				SWIFT_UPCOMING_FEATURE_MEMBER_IMPORT_VISIBILITY = YES;
				SWIFT_VERSION = 5.0;
				TARGETED_DEVICE_FAMILY = "1,2";
				TEST_HOST = "$(BUILT_PRODUCTS_DIR)/ServicesSample.app/$(BUNDLE_EXECUTABLE_FOLDER_PATH)/ServicesSample";
			};
			name = Release;
		};
		E80341C52FD6D70700689AF6 /* Debug */ = {
			isa = XCBuildConfiguration;
			buildSettings = {
				CODE_SIGN_STYLE = Automatic;
				CURRENT_PROJECT_VERSION = 1;
				GENERATE_INFOPLIST_FILE = YES;
				MARKETING_VERSION = 1.0;
				PRODUCT_BUNDLE_IDENTIFIER = app.ServicesSampleUITests;
				PRODUCT_NAME = "$(TARGET_NAME)";
				STRING_CATALOG_GENERATE_SYMBOLS = NO;
				SWIFT_APPROACHABLE_CONCURRENCY = YES;
				SWIFT_EMIT_LOC_STRINGS = NO;
				SWIFT_UPCOMING_FEATURE_MEMBER_IMPORT_VISIBILITY = YES;
				SWIFT_VERSION = 5.0;
				TARGETED_DEVICE_FAMILY = "1,2";
				TEST_TARGET_NAME = ServicesSample;
			};
			name = Debug;
		};
		E80341C62FD6D70700689AF6 /* Release */ = {
			isa = XCBuildConfiguration;
			buildSettings = {
				CODE_SIGN_STYLE = Automatic;
				CURRENT_PROJECT_VERSION = 1;
				GENERATE_INFOPLIST_FILE = YES;
				MARKETING_VERSION = 1.0;
				PRODUCT_BUNDLE_IDENTIFIER = app.ServicesSampleUITests;
				PRODUCT_NAME = "$(TARGET_NAME)";
				STRING_CATALOG_GENERATE_SYMBOLS = NO;
				SWIFT_APPROACHABLE_CONCURRENCY = YES;
				SWIFT_EMIT_LOC_STRINGS = NO;
				SWIFT_UPCOMING_FEATURE_MEMBER_IMPORT_VISIBILITY = YES;
				SWIFT_VERSION = 5.0;
				TARGETED_DEVICE_FAMILY = "1,2";
				TEST_TARGET_NAME = ServicesSample;
			};
			name = Release;
		};
/* End XCBuildConfiguration section */

/* Begin XCConfigurationList section */
		E80341982FD6D70600689AF6 /* Build configuration list for PBXProject "ServicesSample" */ = {
			isa = XCConfigurationList;
			buildConfigurations = (
				E80341BC2FD6D70700689AF6 /* Debug */,
				E80341BD2FD6D70700689AF6 /* Release */,
			);
			defaultConfigurationIsVisible = 0;
			defaultConfigurationName = Release;
		};
		E80341BE2FD6D70700689AF6 /* Build configuration list for PBXNativeTarget "ServicesSample" */ = {
			isa = XCConfigurationList;
			buildConfigurations = (
				E80341BF2FD6D70700689AF6 /* Debug */,
				E80341C02FD6D70700689AF6 /* Release */,
			);
			defaultConfigurationIsVisible = 0;
			defaultConfigurationName = Release;
		};
		E80341C12FD6D70700689AF6 /* Build configuration list for PBXNativeTarget "ServicesSampleTests" */ = {
			isa = XCConfigurationList;
			buildConfigurations = (
				E80341C22FD6D70700689AF6 /* Debug */,
				E80341C32FD6D70700689AF6 /* Release */,
			);
			defaultConfigurationIsVisible = 0;
			defaultConfigurationName = Release;
		};
		E80341C42FD6D70700689AF6 /* Build configuration list for PBXNativeTarget "ServicesSampleUITests" */ = {
			isa = XCConfigurationList;
			buildConfigurations = (
				E80341C52FD6D70700689AF6 /* Debug */,
				E80341C62FD6D70700689AF6 /* Release */,
			);
			defaultConfigurationIsVisible = 0;
			defaultConfigurationName = Release;
		};
/* End XCConfigurationList section */

/* Begin XCRemoteSwiftPackageReference section */
		E80341C72FD6D71300689AF6 /* XCRemoteSwiftPackageReference "ServicesSampleData" */ = {
			isa = XCRemoteSwiftPackageReference;
			repositoryURL = "https://github.com/sabari-zuper/ServicesSampleData.git";
			requirement = {
				kind = upToNextMajorVersion;
				minimumVersion = 1.0.2;
			};
		};
/* End XCRemoteSwiftPackageReference section */

/* Begin XCSwiftPackageProductDependency section */
		E80341C82FD6D71300689AF6 /* ServicesSampleData */ = {
			isa = XCSwiftPackageProductDependency;
			package = E80341C72FD6D71300689AF6 /* XCRemoteSwiftPackageReference "ServicesSampleData" */;
			productName = ServicesSampleData;
		};
/* End XCSwiftPackageProductDependency section */
	};
	rootObject = E80341952FD6D70600689AF6 /* Project object */;
}
